
Microsoft Visual Studio Solution File, Format Version 12.00
# Visual Studio Version 16
VisualStudioVersion = 16.0.33328.57
MinimumVisualStudioVersion = 10.0.40219.1
Project("{FAE04EC0-301F-11D3-BF4B-00C04F79EFBC}") = "LAB7_3", "LAB7_3.csproj", "{7F572782-7AF2-47D4-85CC-ED12A1657CC7}"
EndProject
Global
	GlobalSection(SolutionConfigurationPlatforms) = preSolution
		Debug|Any CPU = Debug|Any CPU
		Release|Any CPU = Release|Any CPU
	EndGlobalSection
	GlobalSection(ProjectConfigurationPlatforms) = postSolution
		{7F572782-7AF2-47D4-85CC-ED12A1657CC7}.Debug|Any CPU.ActiveCfg = Debug|Any CPU
		{7F572782-7AF2-47D4-85CC-ED12A1657CC7}.Debug|Any CPU.Build.0 = Debug|Any CPU
		{7F572782-7AF2-47D4-85CC-ED12A1657CC7}.Release|Any CPU.ActiveCfg = Release|Any CPU
		{7F572782-7AF2-47D4-85CC-ED12A1657CC7}.Release|Any CPU.Build.0 = Release|Any CPU
	EndGlobalSection
	GlobalSection(SolutionProperties) = preSolution
		HideSolutionNode = FALSE
	EndGlobalSection
	GlobalSection(ExtensibilityGlobals) = postSolution
		SolutionGuid = {A975FC55-5510-4E7E-81B7-482A00B8A90A}
	EndGlobalSection
EndGlobal
